{
  "name": "example02",
  "version": "1.0.0",
  "lockfileVersion": 3,
  "requires": true,
  "packages": {
    "": {
      "name": "example02",
      "version": "1.0.0",
      "license": "ISC",
      "dependencies": {
        "ollama": "^0.6.0",
        "openai": "^5.23.1"
      }
    },
    "node_modules/ollama": {
      "version": "0.6.0",
      "resolved": "https://registry.npmjs.org/ollama/-/ollama-0.6.0.tgz",
      "integrity": "sha512-FHjdU2Ok5x2HZsxPui/MBJZ5J+HzmxoWYa/p9wk736eT+uAhS8nvIICar5YgwlG5MFNjDR6UA5F3RSKq+JseOA==",
      "license": "MIT",
      "dependencies": {
        "whatwg-fetch": "^3.6.20"
      }
    },
    "node_modules/openai": {
      "version": "5.23.1",
      "resolved": "https://registry.npmjs.org/openai/-/openai-5.23.1.tgz",
      "integrity": "sha512-APxMtm5mln4jhKhAr0d5zP9lNsClx4QwJtg8RUvYSSyxYCTHLNJnLEcSHbJ6t0ori8Pbr9HZGfcPJ7LEy73rvQ==",
      "license": "Apache-2.0",
      "bin": {
        "openai": "bin/cli"
      },
      "peerDependencies": {
        "ws": "^8.18.0",
        "zod": "^3.23.8"
      },
      "peerDependenciesMeta": {
        "ws": {
          "optional": true
        },
        "zod": {
          "optional": true
        }
      }
    },
    "node_modules/whatwg-fetch": {
      "version": "3.6.20",
      "resolved": "https://registry.npmjs.org/whatwg-fetch/-/whatwg-fetch-3.6.20.tgz",
      "integrity": "sha512-EqhiFU6daOA8kpjOWTL0olhVOF3i7OrFzSYiGsEMB8GcXS+RrzauAERX65xMeNWVqxA6HXH2m69Z9LaKKdisfg==",
      "license": "MIT"
    }
  }
}
